
Microsoft Visual Studio Solution File, Format Version 12.00
# Visual Studio Version 16
VisualStudioVersion = 16.0.29806.167
MinimumVisualStudioVersion = 10.0.40219.1
Project("{9A19103F-16F7-4668-BE54-9A1E7A4F7556}") = "GlobalPaymentSolutions", "GlobalPaymentSolutions\GlobalPaymentSolutions.csproj", "{674320D4-D4BE-4B22-BF83-21B88EA1CF9D}"
EndProject
Project("{2150E333-8FDC-42A3-9474-1A3956D46DE8}") = "Solution Items", "Solution Items", "{30CDB8B5-5951-4880-BD29-EF15938D66DB}"
	ProjectSection(SolutionItems) = preProject
		.editorconfig = .editorconfig
	EndProjectSection
EndProject
Global
	GlobalSection(SolutionConfigurationPlatforms) = preSolution
		Debug|Any CPU = Debug|Any CPU
		Release|Any CPU = Release|Any CPU
	EndGlobalSection
	GlobalSection(ProjectConfigurationPlatforms) = postSolution
		{674320D4-D4BE-4B22-BF83-21B88EA1CF9D}.Debug|Any CPU.ActiveCfg = Debug|Any CPU
		{674320D4-D4BE-4B22-BF83-21B88EA1CF9D}.Debug|Any CPU.Build.0 = Debug|Any CPU
		{674320D4-D4BE-4B22-BF83-21B88EA1CF9D}.Release|Any CPU.ActiveCfg = Release|Any CPU
		{674320D4-D4BE-4B22-BF83-21B88EA1CF9D}.Release|Any CPU.Build.0 = Release|Any CPU
	EndGlobalSection
	GlobalSection(SolutionProperties) = preSolution
		HideSolutionNode = FALSE
	EndGlobalSection
	GlobalSection(ExtensibilityGlobals) = postSolution
		SolutionGuid = {496C880C-8DDC-4B17-A55D-3E71DBAE0796}
	EndGlobalSection
EndGlobal
